// !$*UTF8*$!
{
	archiveVersion = 1;
	classes = {
	};
	objectVersion = 46;
	objects = {

/* Begin PBXBuildFile section */
		4C196C401D691D7A00C37264 /* main.m in Sources */ = {isa = PBXBuildFile; fileRef = 4C196C3F1D691D7A00C37264 /* main.m */; };
		4C196C431D691D7A00C37264 /* AppDelegate.m in Sources */ = {isa = PBXBuildFile; fileRef = 4C196C421D691D7A00C37264 /* AppDelegate.m */; };
		4C196C461D691D7A00C37264 /* MasterViewController.m in Sources */ = {isa = PBXBuildFile; fileRef = 4C196C451D691D7A00C37264 /* MasterViewController.m */; };
		4C196C491D691D7A00C37264 /* DetailViewController.m in Sources */ = {isa = PBXBuildFile; fileRef = 4C196C481D691D7A00C37264 /* DetailViewController.m */; };
		4C196C4C1D691D7A00C37264 /* Main.storyboard in Resources */ = {isa = PBXBuildFile; fileRef = 4C196C4A1D691D7A00C37264 /* Main.storyboard */; };
		4C196C4E1D691D7A00C37264 /* Assets.xcassets in Resources */ = {isa = PBXBuildFile; fileRef = 4C196C4D1D691D7A00C37264 /* Assets.xcassets */; };
		4C196C511D691D7A00C37264 /* LaunchScreen.storyboard in Resources */ = {isa = PBXBuildFile; fileRef = 4C196C4F1D691D7A00C37264 /* LaunchScreen.storyboard */; };
		4C196C5C1D691D7A00C37264 /* XTYMapViewTests.m in Sources */ = {isa = PBXBuildFile; fileRef = 4C196C5B1D691D7A00C37264 /* XTYMapViewTests.m */; };
		4C196C671D691D7A00C37264 /* XTYMapViewUITests.m in Sources */ = {isa = PBXBuildFile; fileRef = 4C196C661D691D7A00C37264 /* XTYMapViewUITests.m */; };
		4C196C781D691F7000C37264 /* XTYMapView.m in Sources */ = {isa = PBXBuildFile; fileRef = 4C196C771D691F7000C37264 /* XTYMapView.m */; };
		4C196C7B1D691FEF00C37264 /* XTYMapAnnotationItem.m in Sources */ = {isa = PBXBuildFile; fileRef = 4C196C7A1D691FEF00C37264 /* XTYMapAnnotationItem.m */; };
		4C196C7E1D69245700C37264 /* XTYCoordinateItem.m in Sources */ = {isa = PBXBuildFile; fileRef = 4C196C7D1D69245700C37264 /* XTYCoordinateItem.m */; };
		4C196C811D69266500C37264 /* CLLocation+XTYAddition.m in Sources */ = {isa = PBXBuildFile; fileRef = 4C196C801D69266500C37264 /* CLLocation+XTYAddition.m */; };
/* End PBXBuildFile section */

/* Begin PBXContainerItemProxy section */
		4C196C581D691D7A00C37264 /* PBXContainerItemProxy */ = {
			isa = PBXContainerItemProxy;
			containerPortal = 4C196C331D691D7A00C37264 /* Project object */;
			proxyType = 1;
			remoteGlobalIDString = 4C196C3A1D691D7A00C37264;
			remoteInfo = XTYMapView;
		};
		4C196C631D691D7A00C37264 /* PBXContainerItemProxy */ = {
			isa = PBXContainerItemProxy;
			containerPortal = 4C196C331D691D7A00C37264 /* Project object */;
			proxyType = 1;
			remoteGlobalIDString = 4C196C3A1D691D7A00C37264;
			remoteInfo = XTYMapView;
		};
/* End PBXContainerItemProxy section */

/* Begin PBXFileReference section */
		4C196C3B1D691D7A00C37264 /* XTYMapView.app */ = {isa = PBXFileReference; explicitFileType = wrapper.application; includeInIndex = 0; path = XTYMapView.app; sourceTree = BUILT_PRODUCTS_DIR; };
		4C196C3F1D691D7A00C37264 /* main.m */ = {isa = PBXFileReference; lastKnownFileType = sourcecode.c.objc; path = main.m; sourceTree = "<group>"; };
		4C196C411D691D7A00C37264 /* AppDelegate.h */ = {isa = PBXFileReference; lastKnownFileType = sourcecode.c.h; path = AppDelegate.h; sourceTree = "<group>"; };
		4C196C421D691D7A00C37264 /* AppDelegate.m */ = {isa = PBXFileReference; lastKnownFileType = sourcecode.c.objc; path = AppDelegate.m; sourceTree = "<group>"; };
		4C196C441D691D7A00C37264 /* MasterViewController.h */ = {isa = PBXFileReference; lastKnownFileType = sourcecode.c.h; path = MasterViewController.h; sourceTree = "<group>"; };
		4C196C451D691D7A00C37264 /* MasterViewController.m */ = {isa = PBXFileReference; lastKnownFileType = sourcecode.c.objc; path = MasterViewController.m; sourceTree = "<group>"; };
		4C196C471D691D7A00C37264 /* DetailViewController.h */ = {isa = PBXFileReference; lastKnownFileType = sourcecode.c.h; path = DetailViewController.h; sourceTree = "<group>"; };
		4C196C481D691D7A00C37264 /* DetailViewController.m */ = {isa = PBXFileReference; lastKnownFileType = sourcecode.c.objc; path = DetailViewController.m; sourceTree = "<group>"; };
		4C196C4B1D691D7A00C37264 /* Base */ = {isa = PBXFileReference; lastKnownFileType = file.storyboard; name = Base; path = Base.lproj/Main.storyboard; sourceTree = "<group>"; };
		4C196C4D1D691D7A00C37264 /* Assets.xcassets */ = {isa = PBXFileReference; lastKnownFileType = folder.assetcatalog; path = Assets.xcassets; sourceTree = "<group>"; };
		4C196C501D691D7A00C37264 /* Base */ = {isa = PBXFileReference; lastKnownFileType = file.storyboard; name = Base; path = Base.lproj/LaunchScreen.storyboard; sourceTree = "<group>"; };
		4C196C521D691D7A00C37264 /* Info.plist */ = {isa = PBXFileReference; lastKnownFileType = text.plist.xml; path = Info.plist; sourceTree = "<group>"; };
		4C196C571D691D7A00C37264 /* XTYMapViewTests.xctest */ = {isa = PBXFileReference; explicitFileType = wrapper.cfbundle; includeInIndex = 0; path = XTYMapViewTests.xctest; sourceTree = BUILT_PRODUCTS_DIR; };
		4C196C5B1D691D7A00C37264 /* XTYMapViewTests.m */ = {isa = PBXFileReference; lastKnownFileType = sourcecode.c.objc; path = XTYMapViewTests.m; sourceTree = "<group>"; };
		4C196C5D1D691D7A00C37264 /* Info.plist */ = {isa = PBXFileReference; lastKnownFileType = text.plist.xml; path = Info.plist; sourceTree = "<group>"; };
		4C196C621D691D7A00C37264 /* XTYMapViewUITests.xctest */ = {isa = PBXFileReference; explicitFileType = wrapper.cfbundle; includeInIndex = 0; path = XTYMapViewUITests.xctest; sourceTree = BUILT_PRODUCTS_DIR; };
		4C196C661D691D7A00C37264 /* XTYMapViewUITests.m */ = {isa = PBXFileReference; lastKnownFileType = sourcecode.c.objc; path = XTYMapViewUITests.m; sourceTree = "<group>"; };
		4C196C681D691D7A00C37264 /* Info.plist */ = {isa = PBXFileReference; lastKnownFileType = text.plist.xml; path = Info.plist; sourceTree = "<group>"; };
		4C196C761D691F7000C37264 /* XTYMapView.h */ = {isa = PBXFileReference; fileEncoding = 4; lastKnownFileType = sourcecode.c.h; name = XTYMapView.h; path = ../../MapView/XTYMapView.h; sourceTree = "<group>"; };
		4C196C771D691F7000C37264 /* XTYMapView.m */ = {isa = PBXFileReference; fileEncoding = 4; lastKnownFileType = sourcecode.c.objc; name = XTYMapView.m; path = ../../MapView/XTYMapView.m; sourceTree = "<group>"; };
		4C196C791D691FEF00C37264 /* XTYMapAnnotationItem.h */ = {isa = PBXFileReference; fileEncoding = 4; lastKnownFileType = sourcecode.c.h; name = XTYMapAnnotationItem.h; path = ../../MapView/XTYMapAnnotationItem.h; sourceTree = "<group>"; };
		4C196C7A1D691FEF00C37264 /* XTYMapAnnotationItem.m */ = {isa = PBXFileReference; fileEncoding = 4; lastKnownFileType = sourcecode.c.objc; name = XTYMapAnnotationItem.m; path = ../../MapView/XTYMapAnnotationItem.m; sourceTree = "<group>"; };
		4C196C7C1D69245700C37264 /* XTYCoordinateItem.h */ = {isa = PBXFileReference; fileEncoding = 4; lastKnownFileType = sourcecode.c.h; name = XTYCoordinateItem.h; path = ../../MapView/XTYCoordinateItem.h; sourceTree = "<group>"; };
		4C196C7D1D69245700C37264 /* XTYCoordinateItem.m */ = {isa = PBXFileReference; fileEncoding = 4; lastKnownFileType = sourcecode.c.objc; name = XTYCoordinateItem.m; path = ../../MapView/XTYCoordinateItem.m; sourceTree = "<group>"; };
		4C196C7F1D69266500C37264 /* CLLocation+XTYAddition.h */ = {isa = PBXFileReference; fileEncoding = 4; lastKnownFileType = sourcecode.c.h; name = "CLLocation+XTYAddition.h"; path = "../../MapView/CLLocation+XTYAddition.h"; sourceTree = "<group>"; };
		4C196C801D69266500C37264 /* CLLocation+XTYAddition.m */ = {isa = PBXFileReference; fileEncoding = 4; lastKnownFileType = sourcecode.c.objc; name = "CLLocation+XTYAddition.m"; path = "../../MapView/CLLocation+XTYAddition.m"; sourceTree = "<group>"; };
/* End PBXFileReference section */

/* Begin PBXFrameworksBuildPhase section */
		4C196C381D691D7A00C37264 /* Frameworks */ = {
			isa = PBXFrameworksBuildPhase;
			buildActionMask = 2147483647;
			files = (
			);
			runOnlyForDeploymentPostprocessing = 0;
		};
		4C196C541D691D7A00C37264 /* Frameworks */ = {
			isa = PBXFrameworksBuildPhase;
			buildActionMask = 2147483647;
			files = (
			);
			runOnlyForDeploymentPostprocessing = 0;
		};
		4C196C5F1D691D7A00C37264 /* Frameworks */ = {
			isa = PBXFrameworksBuildPhase;
			buildActionMask = 2147483647;
			files = (
			);
			runOnlyForDeploymentPostprocessing = 0;
		};
/* End PBXFrameworksBuildPhase section */

/* Begin PBXGroup section */
		4C196C321D691D7A00C37264 = {
			isa = PBXGroup;
			children = (
				4C196C3D1D691D7A00C37264 /* XTYMapView */,
				4C196C5A1D691D7A00C37264 /* XTYMapViewTests */,
				4C196C651D691D7A00C37264 /* XTYMapViewUITests */,
				4C196C3C1D691D7A00C37264 /* Products */,
			);
			sourceTree = "<group>";
		};
		4C196C3C1D691D7A00C37264 /* Products */ = {
			isa = PBXGroup;
			children = (
				4C196C3B1D691D7A00C37264 /* XTYMapView.app */,
				4C196C571D691D7A00C37264 /* XTYMapViewTests.xctest */,
				4C196C621D691D7A00C37264 /* XTYMapViewUITests.xctest */,
			);
			name = Products;
			sourceTree = "<group>";
		};
		4C196C3D1D691D7A00C37264 /* XTYMapView */ = {
			isa = PBXGroup;
			children = (
				4C196C751D691F3D00C37264 /* MapView */,
				4C196C741D691D8900C37264 /* base */,
				4C196C3E1D691D7A00C37264 /* Supporting Files */,
			);
			path = XTYMapView;
			sourceTree = "<group>";
		};
		4C196C3E1D691D7A00C37264 /* Supporting Files */ = {
			isa = PBXGroup;
			children = (
				4C196C3F1D691D7A00C37264 /* main.m */,
			);
			name = "Supporting Files";
			sourceTree = "<group>";
		};
		4C196C5A1D691D7A00C37264 /* XTYMapViewTests */ = {
			isa = PBXGroup;
			children = (
				4C196C5B1D691D7A00C37264 /* XTYMapViewTests.m */,
				4C196C5D1D691D7A00C37264 /* Info.plist */,
			);
			path = XTYMapViewTests;
			sourceTree = "<group>";
		};
		4C196C651D691D7A00C37264 /* XTYMapViewUITests */ = {
			isa = PBXGroup;
			children = (
				4C196C661D691D7A00C37264 /* XTYMapViewUITests.m */,
				4C196C681D691D7A00C37264 /* Info.plist */,
			);
			path = XTYMapViewUITests;
			sourceTree = "<group>";
		};
		4C196C741D691D8900C37264 /* base */ = {
			isa = PBXGroup;
			children = (
				4C196C411D691D7A00C37264 /* AppDelegate.h */,
				4C196C421D691D7A00C37264 /* AppDelegate.m */,
				4C196C441D691D7A00C37264 /* MasterViewController.h */,
				4C196C451D691D7A00C37264 /* MasterViewController.m */,
				4C196C471D691D7A00C37264 /* DetailViewController.h */,
				4C196C481D691D7A00C37264 /* DetailViewController.m */,
				4C196C4A1D691D7A00C37264 /* Main.storyboard */,
				4C196C4D1D691D7A00C37264 /* Assets.xcassets */,
				4C196C4F1D691D7A00C37264 /* LaunchScreen.storyboard */,
				4C196C521D691D7A00C37264 /* Info.plist */,
			);
			name = base;
			sourceTree = "<group>";
		};
		4C196C751D691F3D00C37264 /* MapView */ = {
			isa = PBXGroup;
			children = (
				4C196C761D691F7000C37264 /* XTYMapView.h */,
				4C196C771D691F7000C37264 /* XTYMapView.m */,
				4C196C791D691FEF00C37264 /* XTYMapAnnotationItem.h */,
				4C196C7A1D691FEF00C37264 /* XTYMapAnnotationItem.m */,
				4C196C7F1D69266500C37264 /* CLLocation+XTYAddition.h */,
				4C196C801D69266500C37264 /* CLLocation+XTYAddition.m */,
				4C196C7C1D69245700C37264 /* XTYCoordinateItem.h */,
				4C196C7D1D69245700C37264 /* XTYCoordinateItem.m */,
			);
			name = MapView;
			sourceTree = "<group>";
		};
/* End PBXGroup section */

/* Begin PBXNativeTarget section */
		4C196C3A1D691D7A00C37264 /* XTYMapView */ = {
			isa = PBXNativeTarget;
			buildConfigurationList = 4C196C6B1D691D7A00C37264 /* Build configuration list for PBXNativeTarget "XTYMapView" */;
			buildPhases = (
				4C196C371D691D7A00C37264 /* Sources */,
				4C196C381D691D7A00C37264 /* Frameworks */,
				4C196C391D691D7A00C37264 /* Resources */,
			);
			buildRules = (
			);
			dependencies = (
			);
			name = XTYMapView;
			productName = XTYMapView;
			productReference = 4C196C3B1D691D7A00C37264 /* XTYMapView.app */;
			productType = "com.apple.product-type.application";
		};
		4C196C561D691D7A00C37264 /* XTYMapViewTests */ = {
			isa = PBXNativeTarget;
			buildConfigurationList = 4C196C6E1D691D7A00C37264 /* Build configuration list for PBXNativeTarget "XTYMapViewTests" */;
			buildPhases = (
				4C196C531D691D7A00C37264 /* Sources */,
				4C196C541D691D7A00C37264 /* Frameworks */,
				4C196C551D691D7A00C37264 /* Resources */,
			);
			buildRules = (
			);
			dependencies = (
				4C196C591D691D7A00C37264 /* PBXTargetDependency */,
			);
			name = XTYMapViewTests;
			productName = XTYMapViewTests;
			productReference = 4C196C571D691D7A00C37264 /* XTYMapViewTests.xctest */;
			productType = "com.apple.product-type.bundle.unit-test";
		};
		4C196C611D691D7A00C37264 /* XTYMapViewUITests */ = {
			isa = PBXNativeTarget;
			buildConfigurationList = 4C196C711D691D7A00C37264 /* Build configuration list for PBXNativeTarget "XTYMapViewUITests" */;
			buildPhases = (
				4C196C5E1D691D7A00C37264 /* Sources */,
				4C196C5F1D691D7A00C37264 /* Frameworks */,
				4C196C601D691D7A00C37264 /* Resources */,
			);
			buildRules = (
			);
			dependencies = (
				4C196C641D691D7A00C37264 /* PBXTargetDependency */,
			);
			name = XTYMapViewUITests;
			productName = XTYMapViewUITests;
			productReference = 4C196C621D691D7A00C37264 /* XTYMapViewUITests.xctest */;
			productType = "com.apple.product-type.bundle.ui-testing";
		};
/* End PBXNativeTarget section */

/* Begin PBXProject section */
		4C196C331D691D7A00C37264 /* Project object */ = {
			isa = PBXProject;
			attributes = {
				LastUpgradeCheck = 0720;
				ORGANIZATIONNAME = Michael;
				TargetAttributes = {
					4C196C3A1D691D7A00C37264 = {
						CreatedOnToolsVersion = 7.2.1;
					};
					4C196C561D691D7A00C37264 = {
						CreatedOnToolsVersion = 7.2.1;
						TestTargetID = 4C196C3A1D691D7A00C37264;
					};
					4C196C611D691D7A00C37264 = {
						CreatedOnToolsVersion = 7.2.1;
						TestTargetID = 4C196C3A1D691D7A00C37264;
					};
				};
			};
			buildConfigurationList = 4C196C361D691D7A00C37264 /* Build configuration list for PBXProject "XTYMapView" */;
			compatibilityVersion = "Xcode 3.2";
			developmentRegion = English;
			hasScannedForEncodings = 0;
			knownRegions = (
				en,
				Base,
			);
			mainGroup = 4C196C321D691D7A00C37264;
			productRefGroup = 4C196C3C1D691D7A00C37264 /* Products */;
			projectDirPath = "";
			projectRoot = "";
			targets = (
				4C196C3A1D691D7A00C37264 /* XTYMapView */,
				4C196C561D691D7A00C37264 /* XTYMapViewTests */,
				4C196C611D691D7A00C37264 /* XTYMapViewUITests */,
			);
		};
/* End PBXProject section */

/* Begin PBXResourcesBuildPhase section */
		4C196C391D691D7A00C37264 /* Resources */ = {
			isa = PBXResourcesBuildPhase;
			buildActionMask = 2147483647;
			files = (
				4C196C511D691D7A00C37264 /* LaunchScreen.storyboard in Resources */,
				4C196C4E1D691D7A00C37264 /* Assets.xcassets in Resources */,
				4C196C4C1D691D7A00C37264 /* Main.storyboard in Resources */,
			);
			runOnlyForDeploymentPostprocessing = 0;
		};
		4C196C551D691D7A00C37264 /* Resources */ = {
			isa = PBXResourcesBuildPhase;
			buildActionMask = 2147483647;
			files = (
			);
			runOnlyForDeploymentPostprocessing = 0;
		};
		4C196C601D691D7A00C37264 /* Resources */ = {
			isa = PBXResourcesBuildPhase;
			buildActionMask = 2147483647;
			files = (
			);
			runOnlyForDeploymentPostprocessing = 0;
		};
/* End PBXResourcesBuildPhase section */

/* Begin PBXSourcesBuildPhase section */
		4C196C371D691D7A00C37264 /* Sources */ = {
			isa = PBXSourcesBuildPhase;
			buildActionMask = 2147483647;
			files = (
				4C196C431D691D7A00C37264 /* AppDelegate.m in Sources */,
				4C196C7E1D69245700C37264 /* XTYCoordinateItem.m in Sources */,
				4C196C781D691F7000C37264 /* XTYMapView.m in Sources */,
				4C196C7B1D691FEF00C37264 /* XTYMapAnnotationItem.m in Sources */,
				4C196C461D691D7A00C37264 /* MasterViewController.m in Sources */,
				4C196C401D691D7A00C37264 /* main.m in Sources */,
				4C196C491D691D7A00C37264 /* DetailViewController.m in Sources */,
				4C196C811D69266500C37264 /* CLLocation+XTYAddition.m in Sources */,
			);
			runOnlyForDeploymentPostprocessing = 0;
		};
		4C196C531D691D7A00C37264 /* Sources */ = {
			isa = PBXSourcesBuildPhase;
			buildActionMask = 2147483647;
			files = (
				4C196C5C1D691D7A00C37264 /* XTYMapViewTests.m in Sources */,
			);
			runOnlyForDeploymentPostprocessing = 0;
		};
		4C196C5E1D691D7A00C37264 /* Sources */ = {
			isa = PBXSourcesBuildPhase;
			buildActionMask = 2147483647;
			files = (
				4C196C671D691D7A00C37264 /* XTYMapViewUITests.m in Sources */,
			);
			runOnlyForDeploymentPostprocessing = 0;
		};
/* End PBXSourcesBuildPhase section */

/* Begin PBXTargetDependency section */
		4C196C591D691D7A00C37264 /* PBXTargetDependency */ = {
			isa = PBXTargetDependency;
			target = 4C196C3A1D691D7A00C37264 /* XTYMapView */;
			targetProxy = 4C196C581D691D7A00C37264 /* PBXContainerItemProxy */;
		};
		4C196C641D691D7A00C37264 /* PBXTargetDependency */ = {
			isa = PBXTargetDependency;
			target = 4C196C3A1D691D7A00C37264 /* XTYMapView */;
			targetProxy = 4C196C631D691D7A00C37264 /* PBXContainerItemProxy */;
		};
/* End PBXTargetDependency section */

/* Begin PBXVariantGroup section */
		4C196C4A1D691D7A00C37264 /* Main.storyboard */ = {
			isa = PBXVariantGroup;
			children = (
				4C196C4B1D691D7A00C37264 /* Base */,
			);
			name = Main.storyboard;
			sourceTree = "<group>";
		};
		4C196C4F1D691D7A00C37264 /* LaunchScreen.storyboard */ = {
			isa = PBXVariantGroup;
			children = (
				4C196C501D691D7A00C37264 /* Base */,
			);
			name = LaunchScreen.storyboard;
			sourceTree = "<group>";
		};
/* End PBXVariantGroup section */

/* Begin XCBuildConfiguration section */
		4C196C691D691D7A00C37264 /* Debug */ = {
			isa = XCBuildConfiguration;
			buildSettings = {
				ALWAYS_SEARCH_USER_PATHS = NO;
				CLANG_CXX_LANGUAGE_STANDARD = "gnu++0x";
				CLANG_CXX_LIBRARY = "libc++";
				CLANG_ENABLE_MODULES = YES;
				CLANG_ENABLE_OBJC_ARC = YES;
				CLANG_WARN_BOOL_CONVERSION = YES;
				CLANG_WARN_CONSTANT_CONVERSION = YES;
				CLANG_WARN_DIRECT_OBJC_ISA_USAGE = YES_ERROR;
				CLANG_WARN_EMPTY_BODY = YES;
				CLANG_WARN_ENUM_CONVERSION = YES;
				CLANG_WARN_INT_CONVERSION = YES;
				CLANG_WARN_OBJC_ROOT_CLASS = YES_ERROR;
				CLANG_WARN_UNREACHABLE_CODE = YES;
				CLANG_WARN__DUPLICATE_METHOD_MATCH = YES;
				"CODE_SIGN_IDENTITY[sdk=iphoneos*]" = "iPhone Developer";
				COPY_PHASE_STRIP = NO;
				DEBUG_INFORMATION_FORMAT = dwarf;
				ENABLE_STRICT_OBJC_MSGSEND = YES;
				ENABLE_TESTABILITY = YES;
				GCC_C_LANGUAGE_STANDARD = gnu99;
				GCC_DYNAMIC_NO_PIC = NO;
				GCC_NO_COMMON_BLOCKS = YES;
				GCC_OPTIMIZATION_LEVEL = 0;
				GCC_PREPROCESSOR_DEFINITIONS = (
					"DEBUG=1",
					"$(inherited)",
				);
				GCC_WARN_64_TO_32_BIT_CONVERSION = YES;
				GCC_WARN_ABOUT_RETURN_TYPE = YES_ERROR;
				GCC_WARN_UNDECLARED_SELECTOR = YES;
				GCC_WARN_UNINITIALIZED_AUTOS = YES_AGGRESSIVE;
				GCC_WARN_UNUSED_FUNCTION = YES;
				GCC_WARN_UNUSED_VARIABLE = YES;
				IPHONEOS_DEPLOYMENT_TARGET = 9.2;
				MTL_ENABLE_DEBUG_INFO = YES;
				ONLY_ACTIVE_ARCH = YES;
				SDKROOT = iphoneos;
			};
			name = Debug;
		};
		4C196C6A1D691D7A00C37264 /* Release */ = {
			isa = XCBuildConfiguration;
			buildSettings = {
				ALWAYS_SEARCH_USER_PATHS = NO;
				CLANG_CXX_LANGUAGE_STANDARD = "gnu++0x";
				CLANG_CXX_LIBRARY = "libc++";
				CLANG_ENABLE_MODULES = YES;
				CLANG_ENABLE_OBJC_ARC = YES;
				CLANG_WARN_BOOL_CONVERSION = YES;
				CLANG_WARN_CONSTANT_CONVERSION = YES;
				CLANG_WARN_DIRECT_OBJC_ISA_USAGE = YES_ERROR;
				CLANG_WARN_EMPTY_BODY = YES;
				CLANG_WARN_ENUM_CONVERSION = YES;
				CLANG_WARN_INT_CONVERSION = YES;
				CLANG_WARN_OBJC_ROOT_CLASS = YES_ERROR;
				CLANG_WARN_UNREACHABLE_CODE = YES;
				CLANG_WARN__DUPLICATE_METHOD_MATCH = YES;
				"CODE_SIGN_IDENTITY[sdk=iphoneos*]" = "iPhone Developer";
				COPY_PHASE_STRIP = NO;
				DEBUG_INFORMATION_FORMAT = "dwarf-with-dsym";
				ENABLE_NS_ASSERTIONS = NO;
				ENABLE_STRICT_OBJC_MSGSEND = YES;
				GCC_C_LANGUAGE_STANDARD = gnu99;
				GCC_NO_COMMON_BLOCKS = YES;
				GCC_WARN_64_TO_32_BIT_CONVERSION = YES;
				GCC_WARN_ABOUT_RETURN_TYPE = YES_ERROR;
				GCC_WARN_UNDECLARED_SELECTOR = YES;
				GCC_WARN_UNINITIALIZED_AUTOS = YES_AGGRESSIVE;
				GCC_WARN_UNUSED_FUNCTION = YES;
				GCC_WARN_UNUSED_VARIABLE = YES;
				IPHONEOS_DEPLOYMENT_TARGET = 9.2;
				MTL_ENABLE_DEBUG_INFO = NO;
				SDKROOT = iphoneos;
				VALIDATE_PRODUCT = YES;
			};
			name = Release;
		};
		4C196C6C1D691D7A00C37264 /* Debug */ = {
			isa = XCBuildConfiguration;
			buildSettings = {
				ASSETCATALOG_COMPILER_APPICON_NAME = AppIcon;
				INFOPLIST_FILE = XTYMapView/Info.plist;
				LD_RUNPATH_SEARCH_PATHS = "$(inherited) @executable_path/Frameworks";
				PRODUCT_BUNDLE_IDENTIFIER = Michael.XTYMapView;
				PRODUCT_NAME = "$(TARGET_NAME)";
			};
			name = Debug;
		};
		4C196C6D1D691D7A00C37264 /* Release */ = {
			isa = XCBuildConfiguration;
			buildSettings = {
				ASSETCATALOG_COMPILER_APPICON_NAME = AppIcon;
				INFOPLIST_FILE = XTYMapView/Info.plist;
				LD_RUNPATH_SEARCH_PATHS = "$(inherited) @executable_path/Frameworks";
				PRODUCT_BUNDLE_IDENTIFIER = Michael.XTYMapView;
				PRODUCT_NAME = "$(TARGET_NAME)";
			};
			name = Release;
		};
		4C196C6F1D691D7A00C37264 /* Debug */ = {
			isa = XCBuildConfiguration;
			buildSettings = {
				BUNDLE_LOADER = "$(TEST_HOST)";
				INFOPLIST_FILE = XTYMapViewTests/Info.plist;
				LD_RUNPATH_SEARCH_PATHS = "$(inherited) @executable_path/Frameworks @loader_path/Frameworks";
				PRODUCT_BUNDLE_IDENTIFIER = Michael.XTYMapViewTests;
				PRODUCT_NAME = "$(TARGET_NAME)";
				TEST_HOST = "$(BUILT_PRODUCTS_DIR)/XTYMapView.app/XTYMapView";
			};
			name = Debug;
		};
		4C196C701D691D7A00C37264 /* Release */ = {
			isa = XCBuildConfiguration;
			buildSettings = {
				BUNDLE_LOADER = "$(TEST_HOST)";
				INFOPLIST_FILE = XTYMapViewTests/Info.plist;
				LD_RUNPATH_SEARCH_PATHS = "$(inherited) @executable_path/Frameworks @loader_path/Frameworks";
				PRODUCT_BUNDLE_IDENTIFIER = Michael.XTYMapViewTests;
				PRODUCT_NAME = "$(TARGET_NAME)";
				TEST_HOST = "$(BUILT_PRODUCTS_DIR)/XTYMapView.app/XTYMapView";
			};
			name = Release;
		};
		4C196C721D691D7A00C37264 /* Debug */ = {
			isa = XCBuildConfiguration;
			buildSettings = {
				INFOPLIST_FILE = XTYMapViewUITests/Info.plist;
				LD_RUNPATH_SEARCH_PATHS = "$(inherited) @executable_path/Frameworks @loader_path/Frameworks";
				PRODUCT_BUNDLE_IDENTIFIER = Michael.XTYMapViewUITests;
				PRODUCT_NAME = "$(TARGET_NAME)";
				TEST_TARGET_NAME = XTYMapView;
				USES_XCTRUNNER = YES;
			};
			name = Debug;
		};
		4C196C731D691D7A00C37264 /* Release */ = {
			isa = XCBuildConfiguration;
			buildSettings = {
				INFOPLIST_FILE = XTYMapViewUITests/Info.plist;
				LD_RUNPATH_SEARCH_PATHS = "$(inherited) @executable_path/Frameworks @loader_path/Frameworks";
				PRODUCT_BUNDLE_IDENTIFIER = Michael.XTYMapViewUITests;
				PRODUCT_NAME = "$(TARGET_NAME)";
				TEST_TARGET_NAME = XTYMapView;
				USES_XCTRUNNER = YES;
			};
			name = Release;
		};
/* End XCBuildConfiguration section */

/* Begin XCConfigurationList section */
		4C196C361D691D7A00C37264 /* Build configuration list for PBXProject "XTYMapView" */ = {
			isa = XCConfigurationList;
			buildConfigurations = (
				4C196C691D691D7A00C37264 /* Debug */,
				4C196C6A1D691D7A00C37264 /* Release */,
			);
			defaultConfigurationIsVisible = 0;
			defaultConfigurationName = Release;
		};
		4C196C6B1D691D7A00C37264 /* Build configuration list for PBXNativeTarget "XTYMapView" */ = {
			isa = XCConfigurationList;
			buildConfigurations = (
				4C196C6C1D691D7A00C37264 /* Debug */,
				4C196C6D1D691D7A00C37264 /* Release */,
			);
			defaultConfigurationIsVisible = 0;
			defaultConfigurationName = Release;
		};
		4C196C6E1D691D7A00C37264 /* Build configuration list for PBXNativeTarget "XTYMapViewTests" */ = {
			isa = XCConfigurationList;
			buildConfigurations = (
				4C196C6F1D691D7A00C37264 /* Debug */,
				4C196C701D691D7A00C37264 /* Release */,
			);
			defaultConfigurationIsVisible = 0;
			defaultConfigurationName = Release;
		};
		4C196C711D691D7A00C37264 /* Build configuration list for PBXNativeTarget "XTYMapViewUITests" */ = {
			isa = XCConfigurationList;
			buildConfigurations = (
				4C196C721D691D7A00C37264 /* Debug */,
				4C196C731D691D7A00C37264 /* Release */,
			);
			defaultConfigurationIsVisible = 0;
			defaultConfigurationName = Release;
		};
/* End XCConfigurationList section */
	};
	rootObject = 4C196C331D691D7A00C37264 /* Project object */;
}
